
Microsoft Visual Studio Solution File, Format Version 12.00
# Visual Studio 15
VisualStudioVersion = 15.0.28307.757
MinimumVisualStudioVersion = 10.0.40219.1
Project("{FAE04EC0-301F-11D3-BF4B-00C04F79EFBC}") = "MemoryPicture", "MemoryPicture\MemoryPicture.csproj", "{390B9AA4-5C07-4FCA-B189-3006E751C056}"
EndProject
Global
	GlobalSection(SolutionConfigurationPlatforms) = preSolution
		Debug|Any CPU = Debug|Any CPU
		Release|Any CPU = Release|Any CPU
	EndGlobalSection
	GlobalSection(ProjectConfigurationPlatforms) = postSolution
		{390B9AA4-5C07-4FCA-B189-3006E751C056}.Debug|Any CPU.ActiveCfg = Debug|Any CPU
		{390B9AA4-5C07-4FCA-B189-3006E751C056}.Debug|Any CPU.Build.0 = Debug|Any CPU
		{390B9AA4-5C07-4FCA-B189-3006E751C056}.Release|Any CPU.ActiveCfg = Release|Any CPU
		{390B9AA4-5C07-4FCA-B189-3006E751C056}.Release|Any CPU.Build.0 = Release|Any CPU
	EndGlobalSection
	GlobalSection(SolutionProperties) = preSolution
		HideSolutionNode = FALSE
	EndGlobalSection
	GlobalSection(ExtensibilityGlobals) = postSolution
		SolutionGuid = {2692E4FB-4BC7-4BB7-8A89-3118C535713D}
	EndGlobalSection
EndGlobal
